
Microsoft Visual Studio Solution File, Format Version 12.00
# Visual Studio Version 17
VisualStudioVersion = 17.14.36616.10 d17.14
MinimumVisualStudioVersion = 10.0.40219.1
Project("{FAE04EC0-301F-11D3-BF4B-00C04F79EFBC}") = "VinhDesignPattern.Composite", "VinhDesignPattern.Composite.csproj", "{89899B6E-CE36-435A-BC5C-BA811883AB57}"
EndProject
Global
	GlobalSection(SolutionConfigurationPlatforms) = preSolution
		Debug|Any CPU = Debug|Any CPU
		Release|Any CPU = Release|Any CPU
	EndGlobalSection
	GlobalSection(ProjectConfigurationPlatforms) = postSolution
		{89899B6E-CE36-435A-BC5C-BA811883AB57}.Debug|Any CPU.ActiveCfg = Debug|Any CPU
		{89899B6E-CE36-435A-BC5C-BA811883AB57}.Debug|Any CPU.Build.0 = Debug|Any CPU
		{89899B6E-CE36-435A-BC5C-BA811883AB57}.Release|Any CPU.ActiveCfg = Release|Any CPU
		{89899B6E-CE36-435A-BC5C-BA811883AB57}.Release|Any CPU.Build.0 = Release|Any CPU
	EndGlobalSection
	GlobalSection(SolutionProperties) = preSolution
		HideSolutionNode = FALSE
	EndGlobalSection
	GlobalSection(ExtensibilityGlobals) = postSolution
		SolutionGuid = {C86B10B9-9AA9-48EF-8407-7AA3EC5921D8}
	EndGlobalSection
EndGlobal
