
Microsoft Visual Studio Solution File, Format Version 12.00
# Visual Studio Version 17
VisualStudioVersion = 17.14.36616.10 d17.14
MinimumVisualStudioVersion = 10.0.40219.1
Project("{FAE04EC0-301F-11D3-BF4B-00C04F79EFBC}") = "VinhDesignPattern.Singleton", "VinhDesignPattern.Singleton.csproj", "{3FACC103-3345-4E67-8751-0EE319F8CE07}"
EndProject
Global
	GlobalSection(SolutionConfigurationPlatforms) = preSolution
		Debug|Any CPU = Debug|Any CPU
		Release|Any CPU = Release|Any CPU
	EndGlobalSection
	GlobalSection(ProjectConfigurationPlatforms) = postSolution
		{3FACC103-3345-4E67-8751-0EE319F8CE07}.Debug|Any CPU.ActiveCfg = Debug|Any CPU
		{3FACC103-3345-4E67-8751-0EE319F8CE07}.Debug|Any CPU.Build.0 = Debug|Any CPU
		{3FACC103-3345-4E67-8751-0EE319F8CE07}.Release|Any CPU.ActiveCfg = Release|Any CPU
		{3FACC103-3345-4E67-8751-0EE319F8CE07}.Release|Any CPU.Build.0 = Release|Any CPU
	EndGlobalSection
	GlobalSection(SolutionProperties) = preSolution
		HideSolutionNode = FALSE
	EndGlobalSection
	GlobalSection(ExtensibilityGlobals) = postSolution
		SolutionGuid = {AA638F8C-6FE6-4759-99B2-0E101616AF3C}
	EndGlobalSection
EndGlobal
