
Microsoft Visual Studio Solution File, Format Version 12.00
# Visual Studio Version 17
VisualStudioVersion = 17.14.36616.10 d17.14
MinimumVisualStudioVersion = 10.0.40219.1
Project("{FAE04EC0-301F-11D3-BF4B-00C04F79EFBC}") = "VinhDesignPattern.Strategy", "VinhDesignPattern.Strategy.csproj", "{7707B776-3CFE-4A60-AAEB-38A68995B27B}"
EndProject
Global
	GlobalSection(SolutionConfigurationPlatforms) = preSolution
		Debug|Any CPU = Debug|Any CPU
		Release|Any CPU = Release|Any CPU
	EndGlobalSection
	GlobalSection(ProjectConfigurationPlatforms) = postSolution
		{7707B776-3CFE-4A60-AAEB-38A68995B27B}.Debug|Any CPU.ActiveCfg = Debug|Any CPU
		{7707B776-3CFE-4A60-AAEB-38A68995B27B}.Debug|Any CPU.Build.0 = Debug|Any CPU
		{7707B776-3CFE-4A60-AAEB-38A68995B27B}.Release|Any CPU.ActiveCfg = Release|Any CPU
		{7707B776-3CFE-4A60-AAEB-38A68995B27B}.Release|Any CPU.Build.0 = Release|Any CPU
	EndGlobalSection
	GlobalSection(SolutionProperties) = preSolution
		HideSolutionNode = FALSE
	EndGlobalSection
	GlobalSection(ExtensibilityGlobals) = postSolution
		SolutionGuid = {2EB74DC0-1A76-4769-B497-09606244C87E}
	EndGlobalSection
EndGlobal
