
Microsoft Visual Studio Solution File, Format Version 12.00
# Visual Studio Version 17
VisualStudioVersion = 17.14.36221.1 d17.14
MinimumVisualStudioVersion = 10.0.40219.1
Project("{FAE04EC0-301F-11D3-BF4B-00C04F79EFBC}") = "VinhFilmProgramming.WebApi", "VinhFilmProgramming.WebApi.csproj", "{00261BF8-913D-459C-B0C5-BB94B6C67210}"
EndProject
Project("{FAE04EC0-301F-11D3-BF4B-00C04F79EFBC}") = "VinhFilmProgramming.Domain", "..\VinhFilmProgramming.Domain\VinhFilmProgramming.Domain.csproj", "{23D34D0A-CAD7-416C-9E42-6C0D6B743910}"
EndProject
Project("{FAE04EC0-301F-11D3-BF4B-00C04F79EFBC}") = "VinhFilmProgramming.DataAccess", "..\VinhFilmProgramming.DataAccess\VinhFilmProgramming.DataAccess.csproj", "{B5CC1DFB-DA5B-4F8A-9A1C-C52A7F4F0949}"
EndProject
Global
	GlobalSection(SolutionConfigurationPlatforms) = preSolution
		Debug|Any CPU = Debug|Any CPU
		Release|Any CPU = Release|Any CPU
	EndGlobalSection
	GlobalSection(ProjectConfigurationPlatforms) = postSolution
		{00261BF8-913D-459C-B0C5-BB94B6C67210}.Debug|Any CPU.ActiveCfg = Debug|Any CPU
		{00261BF8-913D-459C-B0C5-BB94B6C67210}.Debug|Any CPU.Build.0 = Debug|Any CPU
		{00261BF8-913D-459C-B0C5-BB94B6C67210}.Release|Any CPU.ActiveCfg = Release|Any CPU
		{00261BF8-913D-459C-B0C5-BB94B6C67210}.Release|Any CPU.Build.0 = Release|Any CPU
		{23D34D0A-CAD7-416C-9E42-6C0D6B743910}.Debug|Any CPU.ActiveCfg = Debug|Any CPU
		{23D34D0A-CAD7-416C-9E42-6C0D6B743910}.Debug|Any CPU.Build.0 = Debug|Any CPU
		{23D34D0A-CAD7-416C-9E42-6C0D6B743910}.Release|Any CPU.ActiveCfg = Release|Any CPU
		{23D34D0A-CAD7-416C-9E42-6C0D6B743910}.Release|Any CPU.Build.0 = Release|Any CPU
		{B5CC1DFB-DA5B-4F8A-9A1C-C52A7F4F0949}.Debug|Any CPU.ActiveCfg = Debug|Any CPU
		{B5CC1DFB-DA5B-4F8A-9A1C-C52A7F4F0949}.Debug|Any CPU.Build.0 = Debug|Any CPU
		{B5CC1DFB-DA5B-4F8A-9A1C-C52A7F4F0949}.Release|Any CPU.ActiveCfg = Release|Any CPU
		{B5CC1DFB-DA5B-4F8A-9A1C-C52A7F4F0949}.Release|Any CPU.Build.0 = Release|Any CPU
	EndGlobalSection
	GlobalSection(SolutionProperties) = preSolution
		HideSolutionNode = FALSE
	EndGlobalSection
	GlobalSection(ExtensibilityGlobals) = postSolution
		SolutionGuid = {6CBE9944-A4A3-471E-8D45-0F3F0CE8E9AD}
	EndGlobalSection
EndGlobal
